// !$*UTF8*$!
{
	archiveVersion = 1;
	classes = {
	};
	objectVersion = 50;
	objects = {

/* Begin PBXBuildFile section */
		531AFAB7258574C600368875 /* ParticleView.swift in Sources */ = {isa = PBXBuildFile; fileRef = 531AFAB6258574C600368875 /* ParticleView.swift */; };
		533707002582806500B284E9 /* CollectionView.swift in Sources */ = {isa = PBXBuildFile; fileRef = 533706FF2582806500B284E9 /* CollectionView.swift */; };
		533D92FB2582FDC700842564 /* WeatherCell.swift in Sources */ = {isa = PBXBuildFile; fileRef = 533D92FA2582FDC700842564 /* WeatherCell.swift */; };
		53565276258301AC00C4C4F7 /* WeatherData.swift in Sources */ = {isa = PBXBuildFile; fileRef = 53565275258301AC00C4C4F7 /* WeatherData.swift */; };
		536CB17125868F130024F32B /* Collection_View_DataSource.swift in Sources */ = {isa = PBXBuildFile; fileRef = 536CB17025868F130024F32B /* Collection_View_DataSource.swift */; };
		536CB17625868F8C0024F32B /* Collection_View_Delegate.swift in Sources */ = {isa = PBXBuildFile; fileRef = 536CB17525868F8C0024F32B /* Collection_View_Delegate.swift */; };
		536CB17B25868FC30024F32B /* Collection_Flow_Layout.swift in Sources */ = {isa = PBXBuildFile; fileRef = 536CB17A25868FC30024F32B /* Collection_Flow_Layout.swift */; };
		536CB17F258697330024F32B /* Weather_TableView_Cell.swift in Sources */ = {isa = PBXBuildFile; fileRef = 536CB17E258697330024F32B /* Weather_TableView_Cell.swift */; };
		536CB183258697FB0024F32B /* Cell_Registry.swift in Sources */ = {isa = PBXBuildFile; fileRef = 536CB182258697FB0024F32B /* Cell_Registry.swift */; };
		536CB1872586A36D0024F32B /* CircleRing.swift in Sources */ = {isa = PBXBuildFile; fileRef = 536CB1862586A36D0024F32B /* CircleRing.swift */; };
		537C942D25814EB60086B944 /* GradientView.swift in Sources */ = {isa = PBXBuildFile; fileRef = 537C942C25814EB60086B944 /* GradientView.swift */; };
		53D3AE1625815419007AE984 /* Gradient_Extension.swift in Sources */ = {isa = PBXBuildFile; fileRef = 53D3AE1525815419007AE984 /* Gradient_Extension.swift */; };
		53D3AE1B25815527007AE984 /* Navigation_Setup.swift in Sources */ = {isa = PBXBuildFile; fileRef = 53D3AE1A25815527007AE984 /* Navigation_Setup.swift */; };
		53D3AE222581560A007AE984 /* Sun_Icon.swift in Sources */ = {isa = PBXBuildFile; fileRef = 53D3AE212581560A007AE984 /* Sun_Icon.swift */; };
		53D3AE26258156A8007AE984 /* Sun_Icon_Setup.swift in Sources */ = {isa = PBXBuildFile; fileRef = 53D3AE25258156A8007AE984 /* Sun_Icon_Setup.swift */; };
		53D3AE2925815963007AE984 /* Degrees_Label.swift in Sources */ = {isa = PBXBuildFile; fileRef = 53D3AE2825815963007AE984 /* Degrees_Label.swift */; };
		53D3AE2C25815A35007AE984 /* Degrees_Extension.swift in Sources */ = {isa = PBXBuildFile; fileRef = 53D3AE2B25815A35007AE984 /* Degrees_Extension.swift */; };
		53F8038725814D6D0039203A /* AppDelegate.swift in Sources */ = {isa = PBXBuildFile; fileRef = 53F8038625814D6D0039203A /* AppDelegate.swift */; };
		53F8038925814D6D0039203A /* SceneDelegate.swift in Sources */ = {isa = PBXBuildFile; fileRef = 53F8038825814D6D0039203A /* SceneDelegate.swift */; };
		53F8038B25814D6D0039203A /* WeatherScreen.swift in Sources */ = {isa = PBXBuildFile; fileRef = 53F8038A25814D6D0039203A /* WeatherScreen.swift */; };
		53F8039025814D6D0039203A /* Assets.xcassets in Resources */ = {isa = PBXBuildFile; fileRef = 53F8038F25814D6D0039203A /* Assets.xcassets */; };
		53F8039325814D6D0039203A /* LaunchScreen.storyboard in Resources */ = {isa = PBXBuildFile; fileRef = 53F8039125814D6D0039203A /* LaunchScreen.storyboard */; };
		53FB59D925827BA500F21B32 /* WeatherDisplay+TableView.swift in Sources */ = {isa = PBXBuildFile; fileRef = 53FB59D825827BA500F21B32 /* WeatherDisplay+TableView.swift */; };
		53FB59DC25827C3900F21B32 /* WeatherDisplay_Extension.swift in Sources */ = {isa = PBXBuildFile; fileRef = 53FB59DB25827C3900F21B32 /* WeatherDisplay_Extension.swift */; };
		53FB59E725827E0700F21B32 /* Weather_TableView_Delegate.swift in Sources */ = {isa = PBXBuildFile; fileRef = 53FB59E625827E0700F21B32 /* Weather_TableView_Delegate.swift */; };
		53FB59EB25827E1C00F21B32 /* Weather_TableView_DataSource.swift in Sources */ = {isa = PBXBuildFile; fileRef = 53FB59EA25827E1C00F21B32 /* Weather_TableView_DataSource.swift */; };
/* End PBXBuildFile section */

/* Begin PBXFileReference section */
		531AFAB6258574C600368875 /* ParticleView.swift */ = {isa = PBXFileReference; fileEncoding = 4; lastKnownFileType = sourcecode.swift; path = ParticleView.swift; sourceTree = "<group>"; };
		533706FF2582806500B284E9 /* CollectionView.swift */ = {isa = PBXFileReference; lastKnownFileType = sourcecode.swift; path = CollectionView.swift; sourceTree = "<group>"; };
		533D92FA2582FDC700842564 /* WeatherCell.swift */ = {isa = PBXFileReference; lastKnownFileType = sourcecode.swift; path = WeatherCell.swift; sourceTree = "<group>"; };
		53565275258301AC00C4C4F7 /* WeatherData.swift */ = {isa = PBXFileReference; lastKnownFileType = sourcecode.swift; path = WeatherData.swift; sourceTree = "<group>"; };
		536CB17025868F130024F32B /* Collection_View_DataSource.swift */ = {isa = PBXFileReference; lastKnownFileType = sourcecode.swift; path = Collection_View_DataSource.swift; sourceTree = "<group>"; };
		536CB17525868F8C0024F32B /* Collection_View_Delegate.swift */ = {isa = PBXFileReference; lastKnownFileType = sourcecode.swift; path = Collection_View_Delegate.swift; sourceTree = "<group>"; };
		536CB17A25868FC30024F32B /* Collection_Flow_Layout.swift */ = {isa = PBXFileReference; lastKnownFileType = sourcecode.swift; path = Collection_Flow_Layout.swift; sourceTree = "<group>"; };
		536CB17E258697330024F32B /* Weather_TableView_Cell.swift */ = {isa = PBXFileReference; lastKnownFileType = sourcecode.swift; path = Weather_TableView_Cell.swift; sourceTree = "<group>"; };
		536CB182258697FB0024F32B /* Cell_Registry.swift */ = {isa = PBXFileReference; lastKnownFileType = sourcecode.swift; path = Cell_Registry.swift; sourceTree = "<group>"; };
		536CB1862586A36D0024F32B /* CircleRing.swift */ = {isa = PBXFileReference; lastKnownFileType = sourcecode.swift; path = CircleRing.swift; sourceTree = "<group>"; };
		537C942C25814EB60086B944 /* GradientView.swift */ = {isa = PBXFileReference; fileEncoding = 4; lastKnownFileType = sourcecode.swift; path = GradientView.swift; sourceTree = "<group>"; };
		53D3AE1525815419007AE984 /* Gradient_Extension.swift */ = {isa = PBXFileReference; lastKnownFileType = sourcecode.swift; path = Gradient_Extension.swift; sourceTree = "<group>"; };
		53D3AE1A25815527007AE984 /* Navigation_Setup.swift */ = {isa = PBXFileReference; lastKnownFileType = sourcecode.swift; path = Navigation_Setup.swift; sourceTree = "<group>"; };
		53D3AE212581560A007AE984 /* Sun_Icon.swift */ = {isa = PBXFileReference; lastKnownFileType = sourcecode.swift; path = Sun_Icon.swift; sourceTree = "<group>"; };
		53D3AE25258156A8007AE984 /* Sun_Icon_Setup.swift */ = {isa = PBXFileReference; lastKnownFileType = sourcecode.swift; path = Sun_Icon_Setup.swift; sourceTree = "<group>"; };
		53D3AE2825815963007AE984 /* Degrees_Label.swift */ = {isa = PBXFileReference; lastKnownFileType = sourcecode.swift; path = Degrees_Label.swift; sourceTree = "<group>"; };
		53D3AE2B25815A35007AE984 /* Degrees_Extension.swift */ = {isa = PBXFileReference; lastKnownFileType = sourcecode.swift; path = Degrees_Extension.swift; sourceTree = "<group>"; };
		53F8038325814D6D0039203A /* WeatherApp.app */ = {isa = PBXFileReference; explicitFileType = wrapper.application; includeInIndex = 0; path = WeatherApp.app; sourceTree = BUILT_PRODUCTS_DIR; };
		53F8038625814D6D0039203A /* AppDelegate.swift */ = {isa = PBXFileReference; lastKnownFileType = sourcecode.swift; path = AppDelegate.swift; sourceTree = "<group>"; };
		53F8038825814D6D0039203A /* SceneDelegate.swift */ = {isa = PBXFileReference; lastKnownFileType = sourcecode.swift; path = SceneDelegate.swift; sourceTree = "<group>"; };
		53F8038A25814D6D0039203A /* WeatherScreen.swift */ = {isa = PBXFileReference; lastKnownFileType = sourcecode.swift; path = WeatherScreen.swift; sourceTree = "<group>"; };
		53F8038F25814D6D0039203A /* Assets.xcassets */ = {isa = PBXFileReference; lastKnownFileType = folder.assetcatalog; path = Assets.xcassets; sourceTree = "<group>"; };
		53F8039225814D6D0039203A /* Base */ = {isa = PBXFileReference; lastKnownFileType = file.storyboard; name = Base; path = Base.lproj/LaunchScreen.storyboard; sourceTree = "<group>"; };
		53F8039425814D6D0039203A /* Info.plist */ = {isa = PBXFileReference; lastKnownFileType = text.plist.xml; path = Info.plist; sourceTree = "<group>"; };
		53FB59D825827BA500F21B32 /* WeatherDisplay+TableView.swift */ = {isa = PBXFileReference; lastKnownFileType = sourcecode.swift; path = "WeatherDisplay+TableView.swift"; sourceTree = "<group>"; };
		53FB59DB25827C3900F21B32 /* WeatherDisplay_Extension.swift */ = {isa = PBXFileReference; lastKnownFileType = sourcecode.swift; path = WeatherDisplay_Extension.swift; sourceTree = "<group>"; };
		53FB59E625827E0700F21B32 /* Weather_TableView_Delegate.swift */ = {isa = PBXFileReference; lastKnownFileType = sourcecode.swift; path = Weather_TableView_Delegate.swift; sourceTree = "<group>"; };
		53FB59EA25827E1C00F21B32 /* Weather_TableView_DataSource.swift */ = {isa = PBXFileReference; lastKnownFileType = sourcecode.swift; path = Weather_TableView_DataSource.swift; sourceTree = "<group>"; };
/* End PBXFileReference section */

/* Begin PBXFrameworksBuildPhase section */
		53F8038025814D6D0039203A /* Frameworks */ = {
			isa = PBXFrameworksBuildPhase;
			buildActionMask = 2147483647;
			files = (
			);
			runOnlyForDeploymentPostprocessing = 0;
		};
/* End PBXFrameworksBuildPhase section */

/* Begin PBXGroup section */
		531AFAB9258575E900368875 /* CA Animation */ = {
			isa = PBXGroup;
			children = (
				536CB1862586A36D0024F32B /* CircleRing.swift */,
			);
			path = "CA Animation";
			sourceTree = "<group>";
		};
		533706FD2582803400B284E9 /* Collection */ = {
			isa = PBXGroup;
			children = (
				536CB17925868F9D0024F32B /* FlowLayout */,
				536CB17425868F630024F32B /* Delegate */,
				536CB16F25868EE60024F32B /* DataSource */,
				533706FF2582806500B284E9 /* CollectionView.swift */,
				533D92FA2582FDC700842564 /* WeatherCell.swift */,
			);
			path = Collection;
			sourceTree = "<group>";
		};
		53402CC42581532C00C3E219 /* Gradient */ = {
			isa = PBXGroup;
			children = (
				537C942C25814EB60086B944 /* GradientView.swift */,
			);
			path = Gradient;
			sourceTree = "<group>";
		};
		53402CC52581533400C3E219 /* App+SceneDelegate */ = {
			isa = PBXGroup;
			children = (
				53F8038625814D6D0039203A /* AppDelegate.swift */,
				53F8038825814D6D0039203A /* SceneDelegate.swift */,
			);
			path = "App+SceneDelegate";
			sourceTree = "<group>";
		};
		53402CC62581534800C3E219 /* Assets */ = {
			isa = PBXGroup;
			children = (
				53F8038F25814D6D0039203A /* Assets.xcassets */,
			);
			path = Assets;
			sourceTree = "<group>";
		};
		53402CC72581535F00C3E219 /* Components */ = {
			isa = PBXGroup;
			children = (
				53FB59EF25827ED300F21B32 /* Weather Dial */,
				53D3AE20258155EC007AE984 /* Table */,
				53D3AE1E258155E1007AE984 /* Labels */,
				53D3AE1D258155DB007AE984 /* Icons */,
			);
			path = Components;
			sourceTree = "<group>";
		};
		53402CC82581536D00C3E219 /* Extensions */ = {
			isa = PBXGroup;
			children = (
				533706FD2582803400B284E9 /* Collection */,
				53FB59E325827DE000F21B32 /* Table View */,
				53FB59E125827DC200F21B32 /* Degrees */,
				53FB59E025827DAD00F21B32 /* Sun Icon */,
				53FB59DF25827DA100F21B32 /* Navigation */,
				53FB59DE25827D9B00F21B32 /* Gradient */,
			);
			path = Extensions;
			sourceTree = "<group>";
		};
		535652782583029200C4C4F7 /* Models */ = {
			isa = PBXGroup;
			children = (
				53565275258301AC00C4C4F7 /* WeatherData.swift */,
			);
			path = Models;
			sourceTree = "<group>";
		};
		536CB16F25868EE60024F32B /* DataSource */ = {
			isa = PBXGroup;
			children = (
				536CB17025868F130024F32B /* Collection_View_DataSource.swift */,
			);
			path = DataSource;
			sourceTree = "<group>";
		};
		536CB17425868F630024F32B /* Delegate */ = {
			isa = PBXGroup;
			children = (
				536CB17525868F8C0024F32B /* Collection_View_Delegate.swift */,
			);
			path = Delegate;
			sourceTree = "<group>";
		};
		536CB17925868F9D0024F32B /* FlowLayout */ = {
			isa = PBXGroup;
			children = (
				536CB17A25868FC30024F32B /* Collection_Flow_Layout.swift */,
			);
			path = FlowLayout;
			sourceTree = "<group>";
		};
		536CB181258697E30024F32B /* Cell Registery */ = {
			isa = PBXGroup;
			children = (
				536CB182258697FB0024F32B /* Cell_Registry.swift */,
			);
			path = "Cell Registery";
			sourceTree = "<group>";
		};
		53B5DEA82585673D00B65E1E /* Snow Scene */ = {
			isa = PBXGroup;
			children = (
				531AFAB6258574C600368875 /* ParticleView.swift */,
			);
			path = "Snow Scene";
			sourceTree = "<group>";
		};
		53D3AE12258153E0007AE984 /* Screens */ = {
			isa = PBXGroup;
			children = (
				53F8038A25814D6D0039203A /* WeatherScreen.swift */,
			);
			path = Screens;
			sourceTree = "<group>";
		};
		53D3AE14258153F9007AE984 /* Misc */ = {
			isa = PBXGroup;
			children = (
				53F8039125814D6D0039203A /* LaunchScreen.storyboard */,
			);
			path = Misc;
			sourceTree = "<group>";
		};
		53D3AE1D258155DB007AE984 /* Icons */ = {
			isa = PBXGroup;
			children = (
				53D3AE212581560A007AE984 /* Sun_Icon.swift */,
			);
			path = Icons;
			sourceTree = "<group>";
		};
		53D3AE1E258155E1007AE984 /* Labels */ = {
			isa = PBXGroup;
			children = (
				53D3AE2825815963007AE984 /* Degrees_Label.swift */,
			);
			path = Labels;
			sourceTree = "<group>";
		};
		53D3AE20258155EC007AE984 /* Table */ = {
			isa = PBXGroup;
			children = (
				53FB59D825827BA500F21B32 /* WeatherDisplay+TableView.swift */,
			);
			path = Table;
			sourceTree = "<group>";
		};
		53F8037A25814D6D0039203A = {
			isa = PBXGroup;
			children = (
				53F8038525814D6D0039203A /* WeatherApp */,
				53F8038425814D6D0039203A /* Products */,
			);
			sourceTree = "<group>";
		};
		53F8038425814D6D0039203A /* Products */ = {
			isa = PBXGroup;
			children = (
				53F8038325814D6D0039203A /* WeatherApp.app */,
			);
			name = Products;
			sourceTree = "<group>";
		};
		53F8038525814D6D0039203A /* WeatherApp */ = {
			isa = PBXGroup;
			children = (
				531AFAB9258575E900368875 /* CA Animation */,
				53B5DEA82585673D00B65E1E /* Snow Scene */,
				535652782583029200C4C4F7 /* Models */,
				53D3AE14258153F9007AE984 /* Misc */,
				53D3AE12258153E0007AE984 /* Screens */,
				53402CC82581536D00C3E219 /* Extensions */,
				53402CC72581535F00C3E219 /* Components */,
				53402CC62581534800C3E219 /* Assets */,
				53402CC52581533400C3E219 /* App+SceneDelegate */,
				53402CC42581532C00C3E219 /* Gradient */,
				53F8039425814D6D0039203A /* Info.plist */,
			);
			path = WeatherApp;
			sourceTree = "<group>";
		};
		53FB59DE25827D9B00F21B32 /* Gradient */ = {
			isa = PBXGroup;
			children = (
				53D3AE1525815419007AE984 /* Gradient_Extension.swift */,
			);
			path = Gradient;
			sourceTree = "<group>";
		};
		53FB59DF25827DA100F21B32 /* Navigation */ = {
			isa = PBXGroup;
			children = (
				53D3AE1A25815527007AE984 /* Navigation_Setup.swift */,
			);
			path = Navigation;
			sourceTree = "<group>";
		};
		53FB59E025827DAD00F21B32 /* Sun Icon */ = {
			isa = PBXGroup;
			children = (
				53D3AE25258156A8007AE984 /* Sun_Icon_Setup.swift */,
			);
			path = "Sun Icon";
			sourceTree = "<group>";
		};
		53FB59E125827DC200F21B32 /* Degrees */ = {
			isa = PBXGroup;
			children = (
				53D3AE2B25815A35007AE984 /* Degrees_Extension.swift */,
			);
			path = Degrees;
			sourceTree = "<group>";
		};
		53FB59E225827DCC00F21B32 /* Weather Display */ = {
			isa = PBXGroup;
			children = (
				53FB59DB25827C3900F21B32 /* WeatherDisplay_Extension.swift */,
			);
			path = "Weather Display";
			sourceTree = "<group>";
		};
		53FB59E325827DE000F21B32 /* Table View */ = {
			isa = PBXGroup;
			children = (
				536CB181258697E30024F32B /* Cell Registery */,
				53FB59ED25827E8700F21B32 /* Weather Cell */,
				53FB59E525827DF300F21B32 /* DataSource */,
				53FB59E425827DED00F21B32 /* Delegate */,
				53FB59E225827DCC00F21B32 /* Weather Display */,
			);
			path = "Table View";
			sourceTree = "<group>";
		};
		53FB59E425827DED00F21B32 /* Delegate */ = {
			isa = PBXGroup;
			children = (
				53FB59E625827E0700F21B32 /* Weather_TableView_Delegate.swift */,
			);
			path = Delegate;
			sourceTree = "<group>";
		};
		53FB59E525827DF300F21B32 /* DataSource */ = {
			isa = PBXGroup;
			children = (
				53FB59EA25827E1C00F21B32 /* Weather_TableView_DataSource.swift */,
			);
			path = DataSource;
			sourceTree = "<group>";
		};
		53FB59ED25827E8700F21B32 /* Weather Cell */ = {
			isa = PBXGroup;
			children = (
				536CB17E258697330024F32B /* Weather_TableView_Cell.swift */,
			);
			path = "Weather Cell";
			sourceTree = "<group>";
		};
		53FB59EF25827ED300F21B32 /* Weather Dial */ = {
			isa = PBXGroup;
			children = (
			);
			path = "Weather Dial";
			sourceTree = "<group>";
		};
/* End PBXGroup section */

/* Begin PBXNativeTarget section */
		53F8038225814D6D0039203A /* WeatherApp */ = {
			isa = PBXNativeTarget;
			buildConfigurationList = 53F8039725814D6D0039203A /* Build configuration list for PBXNativeTarget "WeatherApp" */;
			buildPhases = (
				53F8037F25814D6D0039203A /* Sources */,
				53F8038025814D6D0039203A /* Frameworks */,
				53F8038125814D6D0039203A /* Resources */,
			);
			buildRules = (
			);
			dependencies = (
			);
			name = WeatherApp;
			productName = WeatherApp;
			productReference = 53F8038325814D6D0039203A /* WeatherApp.app */;
			productType = "com.apple.product-type.application";
		};
/* End PBXNativeTarget section */

/* Begin PBXProject section */
		53F8037B25814D6D0039203A /* Project object */ = {
			isa = PBXProject;
			attributes = {
				LastSwiftUpdateCheck = 1220;
				LastUpgradeCheck = 1220;
				TargetAttributes = {
					53F8038225814D6D0039203A = {
						CreatedOnToolsVersion = 12.2;
					};
				};
			};
			buildConfigurationList = 53F8037E25814D6D0039203A /* Build configuration list for PBXProject "WeatherApp" */;
			compatibilityVersion = "Xcode 9.3";
			developmentRegion = en;
			hasScannedForEncodings = 0;
			knownRegions = (
				en,
				Base,
			);
			mainGroup = 53F8037A25814D6D0039203A;
			productRefGroup = 53F8038425814D6D0039203A /* Products */;
			projectDirPath = "";
			projectRoot = "";
			targets = (
				53F8038225814D6D0039203A /* WeatherApp */,
			);
		};
/* End PBXProject section */

/* Begin PBXResourcesBuildPhase section */
		53F8038125814D6D0039203A /* Resources */ = {
			isa = PBXResourcesBuildPhase;
			buildActionMask = 2147483647;
			files = (
				53F8039325814D6D0039203A /* LaunchScreen.storyboard in Resources */,
				53F8039025814D6D0039203A /* Assets.xcassets in Resources */,
			);
			runOnlyForDeploymentPostprocessing = 0;
		};
/* End PBXResourcesBuildPhase section */

/* Begin PBXSourcesBuildPhase section */
		53F8037F25814D6D0039203A /* Sources */ = {
			isa = PBXSourcesBuildPhase;
			buildActionMask = 2147483647;
			files = (
				53D3AE1625815419007AE984 /* Gradient_Extension.swift in Sources */,
				53D3AE2925815963007AE984 /* Degrees_Label.swift in Sources */,
				53D3AE222581560A007AE984 /* Sun_Icon.swift in Sources */,
				53FB59DC25827C3900F21B32 /* WeatherDisplay_Extension.swift in Sources */,
				53FB59D925827BA500F21B32 /* WeatherDisplay+TableView.swift in Sources */,
				53F8038B25814D6D0039203A /* WeatherScreen.swift in Sources */,
				533707002582806500B284E9 /* CollectionView.swift in Sources */,
				53F8038725814D6D0039203A /* AppDelegate.swift in Sources */,
				536CB17F258697330024F32B /* Weather_TableView_Cell.swift in Sources */,
				53D3AE2C25815A35007AE984 /* Degrees_Extension.swift in Sources */,
				53D3AE1B25815527007AE984 /* Navigation_Setup.swift in Sources */,
				53FB59EB25827E1C00F21B32 /* Weather_TableView_DataSource.swift in Sources */,
				536CB17625868F8C0024F32B /* Collection_View_Delegate.swift in Sources */,
				536CB1872586A36D0024F32B /* CircleRing.swift in Sources */,
				536CB183258697FB0024F32B /* Cell_Registry.swift in Sources */,
				53D3AE26258156A8007AE984 /* Sun_Icon_Setup.swift in Sources */,
				533D92FB2582FDC700842564 /* WeatherCell.swift in Sources */,
				536CB17B25868FC30024F32B /* Collection_Flow_Layout.swift in Sources */,
				53565276258301AC00C4C4F7 /* WeatherData.swift in Sources */,
				53FB59E725827E0700F21B32 /* Weather_TableView_Delegate.swift in Sources */,
				537C942D25814EB60086B944 /* GradientView.swift in Sources */,
				531AFAB7258574C600368875 /* ParticleView.swift in Sources */,
				536CB17125868F130024F32B /* Collection_View_DataSource.swift in Sources */,
				53F8038925814D6D0039203A /* SceneDelegate.swift in Sources */,
			);
			runOnlyForDeploymentPostprocessing = 0;
		};
/* End PBXSourcesBuildPhase section */

/* Begin PBXVariantGroup section */
		53F8039125814D6D0039203A /* LaunchScreen.storyboard */ = {
			isa = PBXVariantGroup;
			children = (
				53F8039225814D6D0039203A /* Base */,
			);
			name = LaunchScreen.storyboard;
			sourceTree = "<group>";
		};
/* End PBXVariantGroup section */

/* Begin XCBuildConfiguration section */
		53F8039525814D6D0039203A /* Debug */ = {
			isa = XCBuildConfiguration;
			buildSettings = {
				ALWAYS_SEARCH_USER_PATHS = NO;
				CLANG_ANALYZER_NONNULL = YES;
				CLANG_ANALYZER_NUMBER_OBJECT_CONVERSION = YES_AGGRESSIVE;
				CLANG_CXX_LANGUAGE_STANDARD = "gnu++14";
				CLANG_CXX_LIBRARY = "libc++";
				CLANG_ENABLE_MODULES = YES;
				CLANG_ENABLE_OBJC_ARC = YES;
				CLANG_ENABLE_OBJC_WEAK = YES;
				CLANG_WARN_BLOCK_CAPTURE_AUTORELEASING = YES;
				CLANG_WARN_BOOL_CONVERSION = YES;
				CLANG_WARN_COMMA = YES;
				CLANG_WARN_CONSTANT_CONVERSION = YES;
				CLANG_WARN_DEPRECATED_OBJC_IMPLEMENTATIONS = YES;
				CLANG_WARN_DIRECT_OBJC_ISA_USAGE = YES_ERROR;
				CLANG_WARN_DOCUMENTATION_COMMENTS = YES;
				CLANG_WARN_EMPTY_BODY = YES;
				CLANG_WARN_ENUM_CONVERSION = YES;
				CLANG_WARN_INFINITE_RECURSION = YES;
				CLANG_WARN_INT_CONVERSION = YES;
				CLANG_WARN_NON_LITERAL_NULL_CONVERSION = YES;
				CLANG_WARN_OBJC_IMPLICIT_RETAIN_SELF = YES;
				CLANG_WARN_OBJC_LITERAL_CONVERSION = YES;
				CLANG_WARN_OBJC_ROOT_CLASS = YES_ERROR;
				CLANG_WARN_QUOTED_INCLUDE_IN_FRAMEWORK_HEADER = YES;
				CLANG_WARN_RANGE_LOOP_ANALYSIS = YES;
				CLANG_WARN_STRICT_PROTOTYPES = YES;
				CLANG_WARN_SUSPICIOUS_MOVE = YES;
				CLANG_WARN_UNGUARDED_AVAILABILITY = YES_AGGRESSIVE;
				CLANG_WARN_UNREACHABLE_CODE = YES;
				CLANG_WARN__DUPLICATE_METHOD_MATCH = YES;
				COPY_PHASE_STRIP = NO;
				DEBUG_INFORMATION_FORMAT = dwarf;
				ENABLE_STRICT_OBJC_MSGSEND = YES;
				ENABLE_TESTABILITY = YES;
				GCC_C_LANGUAGE_STANDARD = gnu11;
				GCC_DYNAMIC_NO_PIC = NO;
				GCC_NO_COMMON_BLOCKS = YES;
				GCC_OPTIMIZATION_LEVEL = 0;
				GCC_PREPROCESSOR_DEFINITIONS = (
					"DEBUG=1",
					"$(inherited)",
				);
				GCC_WARN_64_TO_32_BIT_CONVERSION = YES;
				GCC_WARN_ABOUT_RETURN_TYPE = YES_ERROR;
				GCC_WARN_UNDECLARED_SELECTOR = YES;
				GCC_WARN_UNINITIALIZED_AUTOS = YES_AGGRESSIVE;
				GCC_WARN_UNUSED_FUNCTION = YES;
				GCC_WARN_UNUSED_VARIABLE = YES;
				IPHONEOS_DEPLOYMENT_TARGET = 14.2;
				MTL_ENABLE_DEBUG_INFO = INCLUDE_SOURCE;
				MTL_FAST_MATH = YES;
				ONLY_ACTIVE_ARCH = YES;
				SDKROOT = iphoneos;
				SWIFT_ACTIVE_COMPILATION_CONDITIONS = DEBUG;
				SWIFT_OPTIMIZATION_LEVEL = "-Onone";
			};
			name = Debug;
		};
		53F8039625814D6D0039203A /* Release */ = {
			isa = XCBuildConfiguration;
			buildSettings = {
				ALWAYS_SEARCH_USER_PATHS = NO;
				CLANG_ANALYZER_NONNULL = YES;
				CLANG_ANALYZER_NUMBER_OBJECT_CONVERSION = YES_AGGRESSIVE;
				CLANG_CXX_LANGUAGE_STANDARD = "gnu++14";
				CLANG_CXX_LIBRARY = "libc++";
				CLANG_ENABLE_MODULES = YES;
				CLANG_ENABLE_OBJC_ARC = YES;
				CLANG_ENABLE_OBJC_WEAK = YES;
				CLANG_WARN_BLOCK_CAPTURE_AUTORELEASING = YES;
				CLANG_WARN_BOOL_CONVERSION = YES;
				CLANG_WARN_COMMA = YES;
				CLANG_WARN_CONSTANT_CONVERSION = YES;
				CLANG_WARN_DEPRECATED_OBJC_IMPLEMENTATIONS = YES;
				CLANG_WARN_DIRECT_OBJC_ISA_USAGE = YES_ERROR;
				CLANG_WARN_DOCUMENTATION_COMMENTS = YES;
				CLANG_WARN_EMPTY_BODY = YES;
				CLANG_WARN_ENUM_CONVERSION = YES;
				CLANG_WARN_INFINITE_RECURSION = YES;
				CLANG_WARN_INT_CONVERSION = YES;
				CLANG_WARN_NON_LITERAL_NULL_CONVERSION = YES;
				CLANG_WARN_OBJC_IMPLICIT_RETAIN_SELF = YES;
				CLANG_WARN_OBJC_LITERAL_CONVERSION = YES;
				CLANG_WARN_OBJC_ROOT_CLASS = YES_ERROR;
				CLANG_WARN_QUOTED_INCLUDE_IN_FRAMEWORK_HEADER = YES;
				CLANG_WARN_RANGE_LOOP_ANALYSIS = YES;
				CLANG_WARN_STRICT_PROTOTYPES = YES;
				CLANG_WARN_SUSPICIOUS_MOVE = YES;
				CLANG_WARN_UNGUARDED_AVAILABILITY = YES_AGGRESSIVE;
				CLANG_WARN_UNREACHABLE_CODE = YES;
				CLANG_WARN__DUPLICATE_METHOD_MATCH = YES;
				COPY_PHASE_STRIP = NO;
				DEBUG_INFORMATION_FORMAT = "dwarf-with-dsym";
				ENABLE_NS_ASSERTIONS = NO;
				ENABLE_STRICT_OBJC_MSGSEND = YES;
				GCC_C_LANGUAGE_STANDARD = gnu11;
				GCC_NO_COMMON_BLOCKS = YES;
				GCC_WARN_64_TO_32_BIT_CONVERSION = YES;
				GCC_WARN_ABOUT_RETURN_TYPE = YES_ERROR;
				GCC_WARN_UNDECLARED_SELECTOR = YES;
				GCC_WARN_UNINITIALIZED_AUTOS = YES_AGGRESSIVE;
				GCC_WARN_UNUSED_FUNCTION = YES;
				GCC_WARN_UNUSED_VARIABLE = YES;
				IPHONEOS_DEPLOYMENT_TARGET = 14.2;
				MTL_ENABLE_DEBUG_INFO = NO;
				MTL_FAST_MATH = YES;
				SDKROOT = iphoneos;
				SWIFT_COMPILATION_MODE = wholemodule;
				SWIFT_OPTIMIZATION_LEVEL = "-O";
				VALIDATE_PRODUCT = YES;
			};
			name = Release;
		};
		53F8039825814D6D0039203A /* Debug */ = {
			isa = XCBuildConfiguration;
			buildSettings = {
				ASSETCATALOG_COMPILER_APPICON_NAME = AppIcon;
				ASSETCATALOG_COMPILER_GLOBAL_ACCENT_COLOR_NAME = AccentColor;
				CODE_SIGN_STYLE = Automatic;
				DEVELOPMENT_TEAM = WPR3K55VLC;
				INFOPLIST_FILE = WeatherApp/Info.plist;
				LD_RUNPATH_SEARCH_PATHS = (
					"$(inherited)",
					"@executable_path/Frameworks",
				);
				PRODUCT_BUNDLE_IDENTIFIER = me.francis.christian.WeatherApp;
				PRODUCT_NAME = "$(TARGET_NAME)";
				SWIFT_VERSION = 5.0;
				TARGETED_DEVICE_FAMILY = "1,2";
			};
			name = Debug;
		};
		53F8039925814D6D0039203A /* Release */ = {
			isa = XCBuildConfiguration;
			buildSettings = {
				ASSETCATALOG_COMPILER_APPICON_NAME = AppIcon;
				ASSETCATALOG_COMPILER_GLOBAL_ACCENT_COLOR_NAME = AccentColor;
				CODE_SIGN_STYLE = Automatic;
				DEVELOPMENT_TEAM = WPR3K55VLC;
				INFOPLIST_FILE = WeatherApp/Info.plist;
				LD_RUNPATH_SEARCH_PATHS = (
					"$(inherited)",
					"@executable_path/Frameworks",
				);
				PRODUCT_BUNDLE_IDENTIFIER = me.francis.christian.WeatherApp;
				PRODUCT_NAME = "$(TARGET_NAME)";
				SWIFT_VERSION = 5.0;
				TARGETED_DEVICE_FAMILY = "1,2";
			};
			name = Release;
		};
/* End XCBuildConfiguration section */

/* Begin XCConfigurationList section */
		53F8037E25814D6D0039203A /* Build configuration list for PBXProject "WeatherApp" */ = {
			isa = XCConfigurationList;
			buildConfigurations = (
				53F8039525814D6D0039203A /* Debug */,
				53F8039625814D6D0039203A /* Release */,
			);
			defaultConfigurationIsVisible = 0;
			defaultConfigurationName = Release;
		};
		53F8039725814D6D0039203A /* Build configuration list for PBXNativeTarget "WeatherApp" */ = {
			isa = XCConfigurationList;
			buildConfigurations = (
				53F8039825814D6D0039203A /* Debug */,
				53F8039925814D6D0039203A /* Release */,
			);
			defaultConfigurationIsVisible = 0;
			defaultConfigurationName = Release;
		};
/* End XCConfigurationList section */
	};
	rootObject = 53F8037B25814D6D0039203A /* Project object */;
}
